
Microsoft Visual Studio Solution File, Format Version 12.00
# Visual Studio Version 17
VisualStudioVersion = 17.3.32929.385
MinimumVisualStudioVersion = 10.0.40219.1
Project("{2150E333-8FDC-42A3-9474-1A3956D46DE8}") = "Services", "Services", "{40EB3293-2797-4B18-A6E3-F2F71ABCEA98}"
EndProject
Project("{2150E333-8FDC-42A3-9474-1A3956D46DE8}") = "Catalog", "Catalog", "{0E0DCEA2-FA48-4E20-BC24-E23855400D00}"
EndProject
Project("{FAE04EC0-301F-11D3-BF4B-00C04F79EFBC}") = "Catalog.API", "Services\Catalog\Catalog.API\Catalog.API.csproj", "{15DAE0EA-A187-4D35-85B5-E2062995FD36}"
EndProject
Global
	GlobalSection(SolutionConfigurationPlatforms) = preSolution
		Debug|Any CPU = Debug|Any CPU
		Release|Any CPU = Release|Any CPU
	EndGlobalSection
	GlobalSection(ProjectConfigurationPlatforms) = postSolution
		{15DAE0EA-A187-4D35-85B5-E2062995FD36}.Debug|Any CPU.ActiveCfg = Debug|Any CPU
		{15DAE0EA-A187-4D35-85B5-E2062995FD36}.Debug|Any CPU.Build.0 = Debug|Any CPU
		{15DAE0EA-A187-4D35-85B5-E2062995FD36}.Release|Any CPU.ActiveCfg = Release|Any CPU
		{15DAE0EA-A187-4D35-85B5-E2062995FD36}.Release|Any CPU.Build.0 = Release|Any CPU
	EndGlobalSection
	GlobalSection(SolutionProperties) = preSolution
		HideSolutionNode = FALSE
	EndGlobalSection
	GlobalSection(NestedProjects) = preSolution
		{0E0DCEA2-FA48-4E20-BC24-E23855400D00} = {40EB3293-2797-4B18-A6E3-F2F71ABCEA98}
		{15DAE0EA-A187-4D35-85B5-E2062995FD36} = {0E0DCEA2-FA48-4E20-BC24-E23855400D00}
	EndGlobalSection
	GlobalSection(ExtensibilityGlobals) = postSolution
		SolutionGuid = {4E6B8672-355D-4174-A78F-186CA0597552}
	EndGlobalSection
EndGlobal
